
Microsoft Visual Studio Solution File, Format Version 12.00
# Visual Studio 15
VisualStudioVersion = 15.0.26730.16
MinimumVisualStudioVersion = 10.0.40219.1
Project("{8BC9CEB8-8B4A-11D0-8D11-00A0C91BC942}") = "QueueLinked", "QueueLinked\QueueLinked.vcxproj", "{587AE4FB-633D-49AF-8B6C-C29FCA60C336}"
EndProject
Global
	GlobalSection(SolutionConfigurationPlatforms) = preSolution
		Debug|x64 = Debug|x64
		Debug|x86 = Debug|x86
		Release|x64 = Release|x64
		Release|x86 = Release|x86
	EndGlobalSection
	GlobalSection(ProjectConfigurationPlatforms) = postSolution
		{587AE4FB-633D-49AF-8B6C-C29FCA60C336}.Debug|x64.ActiveCfg = Debug|x64
		{587AE4FB-633D-49AF-8B6C-C29FCA60C336}.Debug|x64.Build.0 = Debug|x64
		{587AE4FB-633D-49AF-8B6C-C29FCA60C336}.Debug|x86.ActiveCfg = Debug|Win32
		{587AE4FB-633D-49AF-8B6C-C29FCA60C336}.Debug|x86.Build.0 = Debug|Win32
		{587AE4FB-633D-49AF-8B6C-C29FCA60C336}.Release|x64.ActiveCfg = Release|x64
		{587AE4FB-633D-49AF-8B6C-C29FCA60C336}.Release|x64.Build.0 = Release|x64
		{587AE4FB-633D-49AF-8B6C-C29FCA60C336}.Release|x86.ActiveCfg = Release|Win32
		{587AE4FB-633D-49AF-8B6C-C29FCA60C336}.Release|x86.Build.0 = Release|Win32
	EndGlobalSection
	GlobalSection(SolutionProperties) = preSolution
		HideSolutionNode = FALSE
	EndGlobalSection
	GlobalSection(ExtensibilityGlobals) = postSolution
		SolutionGuid = {8DFD72AB-3E01-4DFF-93AD-F7D2AB53A7D2}
	EndGlobalSection
EndGlobal
